
Microsoft Visual Studio Solution File, Format Version 12.00
# Visual Studio 2013
VisualStudioVersion = 12.0.30110.0
MinimumVisualStudioVersion = 10.0.40219.1
Project("{FAE04EC0-301F-11D3-BF4B-00C04F79EFBC}") = "LMS_mastery.UI", "LMS_mastery.UI\LMS_mastery.UI.csproj", "{35E960F1-62F8-48B2-AA8D-D340114377C6}"
EndProject
Project("{FAE04EC0-301F-11D3-BF4B-00C04F79EFBC}") = "LMS_mastery.Data", "LMS_mastery.Data\LMS_mastery.Data.csproj", "{3F66C8F3-9959-45F0-A0A0-8FECDDC4A670}"
EndProject
Project("{FAE04EC0-301F-11D3-BF4B-00C04F79EFBC}") = "LMS_mastery.Models", "LMS_mastery.Models\LMS_mastery.Models.csproj", "{DFE1477E-A2D4-4CB2-A068-88A28E6A4DB0}"
EndProject
Global
	GlobalSection(SolutionConfigurationPlatforms) = preSolution
		Debug|Any CPU = Debug|Any CPU
		Release|Any CPU = Release|Any CPU
	EndGlobalSection
	GlobalSection(ProjectConfigurationPlatforms) = postSolution
		{35E960F1-62F8-48B2-AA8D-D340114377C6}.Debug|Any CPU.ActiveCfg = Debug|Any CPU
		{35E960F1-62F8-48B2-AA8D-D340114377C6}.Debug|Any CPU.Build.0 = Debug|Any CPU
		{35E960F1-62F8-48B2-AA8D-D340114377C6}.Release|Any CPU.ActiveCfg = Release|Any CPU
		{35E960F1-62F8-48B2-AA8D-D340114377C6}.Release|Any CPU.Build.0 = Release|Any CPU
		{3F66C8F3-9959-45F0-A0A0-8FECDDC4A670}.Debug|Any CPU.ActiveCfg = Debug|Any CPU
		{3F66C8F3-9959-45F0-A0A0-8FECDDC4A670}.Debug|Any CPU.Build.0 = Debug|Any CPU
		{3F66C8F3-9959-45F0-A0A0-8FECDDC4A670}.Release|Any CPU.ActiveCfg = Release|Any CPU
		{3F66C8F3-9959-45F0-A0A0-8FECDDC4A670}.Release|Any CPU.Build.0 = Release|Any CPU
		{DFE1477E-A2D4-4CB2-A068-88A28E6A4DB0}.Debug|Any CPU.ActiveCfg = Debug|Any CPU
		{DFE1477E-A2D4-4CB2-A068-88A28E6A4DB0}.Debug|Any CPU.Build.0 = Debug|Any CPU
		{DFE1477E-A2D4-4CB2-A068-88A28E6A4DB0}.Release|Any CPU.ActiveCfg = Release|Any CPU
		{DFE1477E-A2D4-4CB2-A068-88A28E6A4DB0}.Release|Any CPU.Build.0 = Release|Any CPU
	EndGlobalSection
	GlobalSection(SolutionProperties) = preSolution
		HideSolutionNode = FALSE
	EndGlobalSection
EndGlobal
